
Microsoft Visual Studio Solution File, Format Version 12.00
# Visual Studio Version 17
VisualStudioVersion = 17.7.34031.279
MinimumVisualStudioVersion = 10.0.40219.1
Project("{FAE04EC0-301F-11D3-BF4B-00C04F79EFBC}") = "Radar", "Radar\Radar.csproj", "{E63030C3-7A1D-4BEA-AA6D-C8E51B9027E4}"
EndProject
Global
	GlobalSection(SolutionConfigurationPlatforms) = preSolution
		Debug|Any CPU = Debug|Any CPU
		Release|Any CPU = Release|Any CPU
	EndGlobalSection
	GlobalSection(ProjectConfigurationPlatforms) = postSolution
		{E63030C3-7A1D-4BEA-AA6D-C8E51B9027E4}.Debug|Any CPU.ActiveCfg = Debug|Any CPU
		{E63030C3-7A1D-4BEA-AA6D-C8E51B9027E4}.Debug|Any CPU.Build.0 = Debug|Any CPU
		{E63030C3-7A1D-4BEA-AA6D-C8E51B9027E4}.Release|Any CPU.ActiveCfg = Release|Any CPU
		{E63030C3-7A1D-4BEA-AA6D-C8E51B9027E4}.Release|Any CPU.Build.0 = Release|Any CPU
	EndGlobalSection
	GlobalSection(SolutionProperties) = preSolution
		HideSolutionNode = FALSE
	EndGlobalSection
	GlobalSection(ExtensibilityGlobals) = postSolution
		SolutionGuid = {4A12C9EF-A94D-4136-8939-EF26E536C2DD}
	EndGlobalSection
EndGlobal
